
Microsoft Visual Studio Solution File, Format Version 12.00
# Visual Studio 2013
VisualStudioVersion = 12.0.30501.0
MinimumVisualStudioVersion = 10.0.40219.1
Project("{FAE04EC0-301F-11D3-BF4B-00C04F79EFBC}") = "OrleansDemo.Interfaces", "OrleansDemo.Interfaces\OrleansDemo.Interfaces.csproj", "{588E47B9-8FAC-496B-8413-3F571322236A}"
EndProject
Project("{FAE04EC0-301F-11D3-BF4B-00C04F79EFBC}") = "OrleansDemo.Classes", "OrleansDemo.Classes\OrleansDemo.Classes.csproj", "{B5003D4D-A842-47AC-A274-216F9EC6CEF9}"
EndProject
Project("{FAE04EC0-301F-11D3-BF4B-00C04F79EFBC}") = "OrleansDemo.LocalSilo", "OrleansDemo.LocalSilo\OrleansDemo.LocalSilo.csproj", "{B6398358-FC38-45C3-9E36-C524672E5FAE}"
EndProject
Global
	GlobalSection(SolutionConfigurationPlatforms) = preSolution
		Debug|Any CPU = Debug|Any CPU
		Release|Any CPU = Release|Any CPU
	EndGlobalSection
	GlobalSection(ProjectConfigurationPlatforms) = postSolution
		{588E47B9-8FAC-496B-8413-3F571322236A}.Debug|Any CPU.ActiveCfg = Debug|Any CPU
		{588E47B9-8FAC-496B-8413-3F571322236A}.Debug|Any CPU.Build.0 = Debug|Any CPU
		{588E47B9-8FAC-496B-8413-3F571322236A}.Release|Any CPU.ActiveCfg = Release|Any CPU
		{588E47B9-8FAC-496B-8413-3F571322236A}.Release|Any CPU.Build.0 = Release|Any CPU
		{B5003D4D-A842-47AC-A274-216F9EC6CEF9}.Debug|Any CPU.ActiveCfg = Debug|Any CPU
		{B5003D4D-A842-47AC-A274-216F9EC6CEF9}.Debug|Any CPU.Build.0 = Debug|Any CPU
		{B5003D4D-A842-47AC-A274-216F9EC6CEF9}.Release|Any CPU.ActiveCfg = Release|Any CPU
		{B5003D4D-A842-47AC-A274-216F9EC6CEF9}.Release|Any CPU.Build.0 = Release|Any CPU
		{B6398358-FC38-45C3-9E36-C524672E5FAE}.Debug|Any CPU.ActiveCfg = Debug|Any CPU
		{B6398358-FC38-45C3-9E36-C524672E5FAE}.Debug|Any CPU.Build.0 = Debug|Any CPU
		{B6398358-FC38-45C3-9E36-C524672E5FAE}.Release|Any CPU.ActiveCfg = Release|Any CPU
		{B6398358-FC38-45C3-9E36-C524672E5FAE}.Release|Any CPU.Build.0 = Release|Any CPU
	EndGlobalSection
	GlobalSection(SolutionProperties) = preSolution
		HideSolutionNode = FALSE
	EndGlobalSection
EndGlobal
